
Microsoft Visual Studio Solution File, Format Version 12.00
# Visual Studio 15
VisualStudioVersion = 15.0.28010.2016
MinimumVisualStudioVersion = 10.0.40219.1
Project("{FAE04EC0-301F-11D3-BF4B-00C04F79EFBC}") = "VehicleAssembleSteps", "VehicleAssembleSteps\VehicleAssembleSteps.csproj", "{C9444BDF-97D6-4EA1-8F13-31BDC50677B1}"
EndProject
Project("{FAE04EC0-301F-11D3-BF4B-00C04F79EFBC}") = "VehicleAssembleSteps_TestCases", "VehicleAssembleSteps_TestCases\VehicleAssembleSteps_TestCases.csproj", "{ED0B63C5-3336-4A3D-B740-43F079C94126}"
EndProject
Global
	GlobalSection(SolutionConfigurationPlatforms) = preSolution
		Debug|Any CPU = Debug|Any CPU
		Release|Any CPU = Release|Any CPU
	EndGlobalSection
	GlobalSection(ProjectConfigurationPlatforms) = postSolution
		{C9444BDF-97D6-4EA1-8F13-31BDC50677B1}.Debug|Any CPU.ActiveCfg = Debug|Any CPU
		{C9444BDF-97D6-4EA1-8F13-31BDC50677B1}.Debug|Any CPU.Build.0 = Debug|Any CPU
		{C9444BDF-97D6-4EA1-8F13-31BDC50677B1}.Release|Any CPU.ActiveCfg = Release|Any CPU
		{C9444BDF-97D6-4EA1-8F13-31BDC50677B1}.Release|Any CPU.Build.0 = Release|Any CPU
		{ED0B63C5-3336-4A3D-B740-43F079C94126}.Debug|Any CPU.ActiveCfg = Debug|Any CPU
		{ED0B63C5-3336-4A3D-B740-43F079C94126}.Debug|Any CPU.Build.0 = Debug|Any CPU
		{ED0B63C5-3336-4A3D-B740-43F079C94126}.Release|Any CPU.ActiveCfg = Release|Any CPU
		{ED0B63C5-3336-4A3D-B740-43F079C94126}.Release|Any CPU.Build.0 = Release|Any CPU
	EndGlobalSection
	GlobalSection(SolutionProperties) = preSolution
		HideSolutionNode = FALSE
	EndGlobalSection
	GlobalSection(ExtensibilityGlobals) = postSolution
		SolutionGuid = {6787044C-7A03-4CF9-A81F-B781DCB66882}
	EndGlobalSection
EndGlobal
